
Microsoft Visual Studio Solution File, Format Version 12.00
# Visual Studio Version 17
VisualStudioVersion = 17.9.34728.123
MinimumVisualStudioVersion = 10.0.40219.1
Project("{FAE04EC0-301F-11D3-BF4B-00C04F79EFBC}") = "Calculadora", "Calculadora.csproj", "{B57CB2F3-E53E-4B3D-A4D5-49B359FF1B58}"
EndProject
Global
	GlobalSection(SolutionConfigurationPlatforms) = preSolution
		Debug|Any CPU = Debug|Any CPU
		Release|Any CPU = Release|Any CPU
	EndGlobalSection
	GlobalSection(ProjectConfigurationPlatforms) = postSolution
		{B57CB2F3-E53E-4B3D-A4D5-49B359FF1B58}.Debug|Any CPU.ActiveCfg = Debug|Any CPU
		{B57CB2F3-E53E-4B3D-A4D5-49B359FF1B58}.Debug|Any CPU.Build.0 = Debug|Any CPU
		{B57CB2F3-E53E-4B3D-A4D5-49B359FF1B58}.Release|Any CPU.ActiveCfg = Release|Any CPU
		{B57CB2F3-E53E-4B3D-A4D5-49B359FF1B58}.Release|Any CPU.Build.0 = Release|Any CPU
	EndGlobalSection
	GlobalSection(SolutionProperties) = preSolution
		HideSolutionNode = FALSE
	EndGlobalSection
	GlobalSection(ExtensibilityGlobals) = postSolution
		SolutionGuid = {C2D78AE9-8525-46E1-8B32-CB41A6C25D5F}
	EndGlobalSection
EndGlobal
